github.com/dqn/gonso v1.0.2 h1:NmooBrhJ00D+mFZH4LlfwPV2PoCNb8Hm1HWaRt7WEmM=
github.com/dqn/gonso v1.0.2/go.mod h1:N51bCgDD8NfcN0DOfJUot0CsxLMsOWwWJP2yozoBdIg=
github.com/google/uuid v1.1.1 h1:Gkbcsh/GbpXz7lPftLA3P6TYMwjCLYm83jiFQZF/3gY=
github.com/google/uuid v1.1.1/go.mod h1:TIyPZe4MgqvfeYDBFedMoGGpEw/LqOeaOT+nhxU+yHo=
